
Microsoft Visual Studio Solution File, Format Version 12.00
# Visual Studio Version 17
VisualStudioVersion = 17.8.34330.188
MinimumVisualStudioVersion = 10.0.40219.1
Project("{9A19103F-16F7-4668-BE54-9A1E7A4F7556}") = "ClientWPF", "..\ClientWPF\ClientWPF.csproj", "{1F3CCD03-E172-40E4-995C-3E7E354A6013}"
EndProject
Project("{9A19103F-16F7-4668-BE54-9A1E7A4F7556}") = "ServerWPF", "..\ServerWPF\ServerWPF.csproj", "{D02FAA40-463C-4FB5-9171-1D752CF16E6A}"
EndProject
Global
	GlobalSection(SolutionConfigurationPlatforms) = preSolution
		Debug|Any CPU = Debug|Any CPU
		Release|Any CPU = Release|Any CPU
	EndGlobalSection
	GlobalSection(ProjectConfigurationPlatforms) = postSolution
		{1F3CCD03-E172-40E4-995C-3E7E354A6013}.Debug|Any CPU.ActiveCfg = Debug|Any CPU
		{1F3CCD03-E172-40E4-995C-3E7E354A6013}.Debug|Any CPU.Build.0 = Debug|Any CPU
		{1F3CCD03-E172-40E4-995C-3E7E354A6013}.Release|Any CPU.ActiveCfg = Release|Any CPU
		{1F3CCD03-E172-40E4-995C-3E7E354A6013}.Release|Any CPU.Build.0 = Release|Any CPU
		{D02FAA40-463C-4FB5-9171-1D752CF16E6A}.Debug|Any CPU.ActiveCfg = Debug|Any CPU
		{D02FAA40-463C-4FB5-9171-1D752CF16E6A}.Debug|Any CPU.Build.0 = Debug|Any CPU
		{D02FAA40-463C-4FB5-9171-1D752CF16E6A}.Release|Any CPU.ActiveCfg = Release|Any CPU
		{D02FAA40-463C-4FB5-9171-1D752CF16E6A}.Release|Any CPU.Build.0 = Release|Any CPU
	EndGlobalSection
	GlobalSection(SolutionProperties) = preSolution
		HideSolutionNode = FALSE
	EndGlobalSection
	GlobalSection(ExtensibilityGlobals) = postSolution
		SolutionGuid = {EB9534D4-FCA0-49C5-BF86-D923BE8B68BA}
	EndGlobalSection
EndGlobal
