
Microsoft Visual Studio Solution File, Format Version 12.00
# Visual Studio Version 17
VisualStudioVersion = 17.7.34031.279
MinimumVisualStudioVersion = 10.0.40219.1
Project("{FAE04EC0-301F-11D3-BF4B-00C04F79EFBC}") = "ConsoleApp1", "ConsoleApp1\ConsoleApp1.csproj", "{F692578C-3C8A-4395-A1BD-856174EBC607}"
EndProject
Global
	GlobalSection(SolutionConfigurationPlatforms) = preSolution
		Debug|Any CPU = Debug|Any CPU
		Release|Any CPU = Release|Any CPU
	EndGlobalSection
	GlobalSection(ProjectConfigurationPlatforms) = postSolution
		{F692578C-3C8A-4395-A1BD-856174EBC607}.Debug|Any CPU.ActiveCfg = Debug|Any CPU
		{F692578C-3C8A-4395-A1BD-856174EBC607}.Debug|Any CPU.Build.0 = Debug|Any CPU
		{F692578C-3C8A-4395-A1BD-856174EBC607}.Release|Any CPU.ActiveCfg = Release|Any CPU
		{F692578C-3C8A-4395-A1BD-856174EBC607}.Release|Any CPU.Build.0 = Release|Any CPU
	EndGlobalSection
	GlobalSection(SolutionProperties) = preSolution
		HideSolutionNode = FALSE
	EndGlobalSection
	GlobalSection(ExtensibilityGlobals) = postSolution
		SolutionGuid = {AD9432CA-07D8-4E70-9133-19E98B87FAE5}
	EndGlobalSection
EndGlobal
